
Microsoft Visual Studio Solution File, Format Version 12.00
# Visual Studio 15
VisualStudioVersion = 15.0.26730.16
MinimumVisualStudioVersion = 10.0.40219.1
Project("{9A19103F-16F7-4668-BE54-9A1E7A4F7556}") = "Cibertec.Models", "Cibertec.Models\Cibertec.Models.csproj", "{00B7C042-D694-4731-B338-17BD921532C3}"
EndProject
Project("{9A19103F-16F7-4668-BE54-9A1E7A4F7556}") = "Cibertec.Repositories", "Cibertec.Repositories\Cibertec.Repositories.csproj", "{DE7D7E4B-08D9-4A16-9BEB-830A946349F9}"
EndProject
Project("{9A19103F-16F7-4668-BE54-9A1E7A4F7556}") = "Cibertec.RepositoriesTests", "Cibertec.RepositoriesTests\Cibertec.RepositoriesTests.csproj", "{E4CF2F98-C6B1-4180-B015-8B3B12103202}"
EndProject
Project("{9A19103F-16F7-4668-BE54-9A1E7A4F7556}") = "Cibertec.Repositories.EntityFramework", "Cibertec.Repositories.EntityFramework\Cibertec.Repositories.EntityFramework.csproj", "{609545B8-748F-491F-9B4A-79E91205B8C8}"
EndProject
Project("{9A19103F-16F7-4668-BE54-9A1E7A4F7556}") = "Cibertec.UnitOfWork", "Cibertec.UnitOfWork\Cibertec.UnitOfWork.csproj", "{2D00D7E8-AC33-40B2-9B22-F86B38948207}"
EndProject
Project("{9A19103F-16F7-4668-BE54-9A1E7A4F7556}") = "Cibertec.Repositories.EntityFrameworkTests", "Cibertec.Repositories.EntityFrameworkTests\Cibertec.Repositories.EntityFrameworkTests.csproj", "{6E0E5250-7869-4F4D-B0C1-B0C454D89DD2}"
EndProject
Project("{9A19103F-16F7-4668-BE54-9A1E7A4F7556}") = "Cibertec.Repositories.Dapper", "Cibertec.Repositories.Dapper\Cibertec.Repositories.Dapper.csproj", "{0B5CC5C3-76BA-4710-91DD-1861DFC43147}"
EndProject
Project("{9A19103F-16F7-4668-BE54-9A1E7A4F7556}") = "Cibertec.Repositories.DapperTests", "Cibertec.Repositories.DapperTests\Cibertec.Repositories.DapperTests.csproj", "{76E66070-B65B-4B15-AC86-A10CA708CDC4}"
EndProject
Project("{2150E333-8FDC-42A3-9474-1A3956D46DE8}") = "Data", "Data", "{AE50C9DA-EF1D-4DE8-90B0-D08FC8E4DE15}"
EndProject
Project("{2150E333-8FDC-42A3-9474-1A3956D46DE8}") = "Test", "Test", "{239D41C3-C3C3-4E3C-848C-56E640C8325F}"
EndProject
Project("{2150E333-8FDC-42A3-9474-1A3956D46DE8}") = "Web", "Web", "{27CFEB10-C38E-4258-B05A-7B3DF9DFC588}"
EndProject
Project("{9A19103F-16F7-4668-BE54-9A1E7A4F7556}") = "Cibertec.WebApi", "Cibertec.WebApi\Cibertec.WebApi.csproj", "{55452FB2-D62B-49A0-8A15-AAF757853AA4}"
EndProject
Project("{9A19103F-16F7-4668-BE54-9A1E7A4F7556}") = "Cibertec.MVC", "Cibertec.MVC\Cibertec.MVC.csproj", "{21E3EC74-BFE5-4D65-B581-04A4139AA6A7}"
EndProject
Project("{9A19103F-16F7-4668-BE54-9A1E7A4F7556}") = "Cibertec.Mocked", "Cibertec.Mocked\Cibertec.Mocked.csproj", "{0199B091-2241-4919-9A10-12049606B4EC}"
EndProject
Project("{9A19103F-16F7-4668-BE54-9A1E7A4F7556}") = "Cibertec.WebApi.Tests", "Cibertec.WebApi.Tests\Cibertec.WebApi.Tests.csproj", "{BA73DB60-70C3-4B34-A688-859C620FCA89}"
EndProject
Global
	GlobalSection(SolutionConfigurationPlatforms) = preSolution
		Debug|Any CPU = Debug|Any CPU
		Release|Any CPU = Release|Any CPU
	EndGlobalSection
	GlobalSection(ProjectConfigurationPlatforms) = postSolution
		{00B7C042-D694-4731-B338-17BD921532C3}.Debug|Any CPU.ActiveCfg = Debug|Any CPU
		{00B7C042-D694-4731-B338-17BD921532C3}.Debug|Any CPU.Build.0 = Debug|Any CPU
		{00B7C042-D694-4731-B338-17BD921532C3}.Release|Any CPU.ActiveCfg = Release|Any CPU
		{00B7C042-D694-4731-B338-17BD921532C3}.Release|Any CPU.Build.0 = Release|Any CPU
		{DE7D7E4B-08D9-4A16-9BEB-830A946349F9}.Debug|Any CPU.ActiveCfg = Debug|Any CPU
		{DE7D7E4B-08D9-4A16-9BEB-830A946349F9}.Debug|Any CPU.Build.0 = Debug|Any CPU
		{DE7D7E4B-08D9-4A16-9BEB-830A946349F9}.Release|Any CPU.ActiveCfg = Release|Any CPU
		{DE7D7E4B-08D9-4A16-9BEB-830A946349F9}.Release|Any CPU.Build.0 = Release|Any CPU
		{E4CF2F98-C6B1-4180-B015-8B3B12103202}.Debug|Any CPU.ActiveCfg = Debug|Any CPU
		{E4CF2F98-C6B1-4180-B015-8B3B12103202}.Debug|Any CPU.Build.0 = Debug|Any CPU
		{E4CF2F98-C6B1-4180-B015-8B3B12103202}.Release|Any CPU.ActiveCfg = Release|Any CPU
		{E4CF2F98-C6B1-4180-B015-8B3B12103202}.Release|Any CPU.Build.0 = Release|Any CPU
		{609545B8-748F-491F-9B4A-79E91205B8C8}.Debug|Any CPU.ActiveCfg = Debug|Any CPU
		{609545B8-748F-491F-9B4A-79E91205B8C8}.Debug|Any CPU.Build.0 = Debug|Any CPU
		{609545B8-748F-491F-9B4A-79E91205B8C8}.Release|Any CPU.ActiveCfg = Release|Any CPU
		{609545B8-748F-491F-9B4A-79E91205B8C8}.Release|Any CPU.Build.0 = Release|Any CPU
		{2D00D7E8-AC33-40B2-9B22-F86B38948207}.Debug|Any CPU.ActiveCfg = Debug|Any CPU
		{2D00D7E8-AC33-40B2-9B22-F86B38948207}.Debug|Any CPU.Build.0 = Debug|Any CPU
		{2D00D7E8-AC33-40B2-9B22-F86B38948207}.Release|Any CPU.ActiveCfg = Release|Any CPU
		{2D00D7E8-AC33-40B2-9B22-F86B38948207}.Release|Any CPU.Build.0 = Release|Any CPU
		{6E0E5250-7869-4F4D-B0C1-B0C454D89DD2}.Debug|Any CPU.ActiveCfg = Debug|Any CPU
		{6E0E5250-7869-4F4D-B0C1-B0C454D89DD2}.Debug|Any CPU.Build.0 = Debug|Any CPU
		{6E0E5250-7869-4F4D-B0C1-B0C454D89DD2}.Release|Any CPU.ActiveCfg = Release|Any CPU
		{6E0E5250-7869-4F4D-B0C1-B0C454D89DD2}.Release|Any CPU.Build.0 = Release|Any CPU
		{0B5CC5C3-76BA-4710-91DD-1861DFC43147}.Debug|Any CPU.ActiveCfg = Debug|Any CPU
		{0B5CC5C3-76BA-4710-91DD-1861DFC43147}.Debug|Any CPU.Build.0 = Debug|Any CPU
		{0B5CC5C3-76BA-4710-91DD-1861DFC43147}.Release|Any CPU.ActiveCfg = Release|Any CPU
		{0B5CC5C3-76BA-4710-91DD-1861DFC43147}.Release|Any CPU.Build.0 = Release|Any CPU
		{76E66070-B65B-4B15-AC86-A10CA708CDC4}.Debug|Any CPU.ActiveCfg = Debug|Any CPU
		{76E66070-B65B-4B15-AC86-A10CA708CDC4}.Debug|Any CPU.Build.0 = Debug|Any CPU
		{76E66070-B65B-4B15-AC86-A10CA708CDC4}.Release|Any CPU.ActiveCfg = Release|Any CPU
		{76E66070-B65B-4B15-AC86-A10CA708CDC4}.Release|Any CPU.Build.0 = Release|Any CPU
		{55452FB2-D62B-49A0-8A15-AAF757853AA4}.Debug|Any CPU.ActiveCfg = Debug|Any CPU
		{55452FB2-D62B-49A0-8A15-AAF757853AA4}.Debug|Any CPU.Build.0 = Debug|Any CPU
		{55452FB2-D62B-49A0-8A15-AAF757853AA4}.Release|Any CPU.ActiveCfg = Release|Any CPU
		{55452FB2-D62B-49A0-8A15-AAF757853AA4}.Release|Any CPU.Build.0 = Release|Any CPU
		{21E3EC74-BFE5-4D65-B581-04A4139AA6A7}.Debug|Any CPU.ActiveCfg = Debug|Any CPU
		{21E3EC74-BFE5-4D65-B581-04A4139AA6A7}.Debug|Any CPU.Build.0 = Debug|Any CPU
		{21E3EC74-BFE5-4D65-B581-04A4139AA6A7}.Release|Any CPU.ActiveCfg = Release|Any CPU
		{21E3EC74-BFE5-4D65-B581-04A4139AA6A7}.Release|Any CPU.Build.0 = Release|Any CPU
		{0199B091-2241-4919-9A10-12049606B4EC}.Debug|Any CPU.ActiveCfg = Debug|Any CPU
		{0199B091-2241-4919-9A10-12049606B4EC}.Debug|Any CPU.Build.0 = Debug|Any CPU
		{0199B091-2241-4919-9A10-12049606B4EC}.Release|Any CPU.ActiveCfg = Release|Any CPU
		{0199B091-2241-4919-9A10-12049606B4EC}.Release|Any CPU.Build.0 = Release|Any CPU
		{BA73DB60-70C3-4B34-A688-859C620FCA89}.Debug|Any CPU.ActiveCfg = Debug|Any CPU
		{BA73DB60-70C3-4B34-A688-859C620FCA89}.Debug|Any CPU.Build.0 = Debug|Any CPU
		{BA73DB60-70C3-4B34-A688-859C620FCA89}.Release|Any CPU.ActiveCfg = Release|Any CPU
		{BA73DB60-70C3-4B34-A688-859C620FCA89}.Release|Any CPU.Build.0 = Release|Any CPU
	EndGlobalSection
	GlobalSection(SolutionProperties) = preSolution
		HideSolutionNode = FALSE
	EndGlobalSection
	GlobalSection(NestedProjects) = preSolution
		{00B7C042-D694-4731-B338-17BD921532C3} = {AE50C9DA-EF1D-4DE8-90B0-D08FC8E4DE15}
		{DE7D7E4B-08D9-4A16-9BEB-830A946349F9} = {AE50C9DA-EF1D-4DE8-90B0-D08FC8E4DE15}
		{E4CF2F98-C6B1-4180-B015-8B3B12103202} = {239D41C3-C3C3-4E3C-848C-56E640C8325F}
		{609545B8-748F-491F-9B4A-79E91205B8C8} = {AE50C9DA-EF1D-4DE8-90B0-D08FC8E4DE15}
		{2D00D7E8-AC33-40B2-9B22-F86B38948207} = {AE50C9DA-EF1D-4DE8-90B0-D08FC8E4DE15}
		{6E0E5250-7869-4F4D-B0C1-B0C454D89DD2} = {239D41C3-C3C3-4E3C-848C-56E640C8325F}
		{0B5CC5C3-76BA-4710-91DD-1861DFC43147} = {AE50C9DA-EF1D-4DE8-90B0-D08FC8E4DE15}
		{76E66070-B65B-4B15-AC86-A10CA708CDC4} = {239D41C3-C3C3-4E3C-848C-56E640C8325F}
		{55452FB2-D62B-49A0-8A15-AAF757853AA4} = {27CFEB10-C38E-4258-B05A-7B3DF9DFC588}
		{21E3EC74-BFE5-4D65-B581-04A4139AA6A7} = {27CFEB10-C38E-4258-B05A-7B3DF9DFC588}
		{0199B091-2241-4919-9A10-12049606B4EC} = {239D41C3-C3C3-4E3C-848C-56E640C8325F}
		{BA73DB60-70C3-4B34-A688-859C620FCA89} = {239D41C3-C3C3-4E3C-848C-56E640C8325F}
	EndGlobalSection
	GlobalSection(ExtensibilityGlobals) = postSolution
		SolutionGuid = {FA846BAC-8AC7-454E-B999-B090DFE2217E}
	EndGlobalSection
EndGlobal
